
Microsoft Visual Studio Solution File, Format Version 12.00
# Visual Studio Version 17
VisualStudioVersion = 17.12.35707.178
MinimumVisualStudioVersion = 10.0.40219.1
Project("{2150E333-8FDC-42A3-9474-1A3956D46DE8}") = "Lesson_02", "Lesson_02", "{1451FF31-8FF7-483C-A299-F944293A4B27}"
EndProject
Project("{FAE04EC0-301F-11D3-BF4B-00C04F79EFBC}") = "Task_02_04", "Task_02_04\Task_02_04.csproj", "{57D7CB73-B6AA-441A-B964-AE5E93ACBB65}"
EndProject
Project("{2150E333-8FDC-42A3-9474-1A3956D46DE8}") = "Lesson_03", "Lesson_03", "{4FBF1F75-0FA9-4D9D-82FD-1588A6C28D31}"
EndProject
Project("{FAE04EC0-301F-11D3-BF4B-00C04F79EFBC}") = "Task_03_04", "Task_03_04\Task_03_04.csproj", "{8644A90B-E02D-4D27-B86E-F1A18D84DE5F}"
EndProject
Project("{FAE04EC0-301F-11D3-BF4B-00C04F79EFBC}") = "Task_03_08", "Task_03_05\Task_03_08.csproj", "{0BDC0C55-F3C1-40F7-B304-531D10D67700}"
EndProject
Project("{FAE04EC0-301F-11D3-BF4B-00C04F79EFBC}") = "Task_03_05_", "Task_03_05_\Task_03_05_.csproj", "{31806C55-75CA-4134-9CD8-1F82969E6CAD}"
EndProject
Project("{FAE04EC0-301F-11D3-BF4B-00C04F79EFBC}") = "Task_03_06", "Task_03_06\Task_03_06.csproj", "{B7F49D04-A92B-41F5-AF93-B9A9E1378D0B}"
EndProject
Project("{FAE04EC0-301F-11D3-BF4B-00C04F79EFBC}") = "Task_03_07", "Task_03_07\Task_03_07.csproj", "{433E07D8-6EB3-44F4-994E-7252F24A8DD0}"
EndProject
Project("{FAE04EC0-301F-11D3-BF4B-00C04F79EFBC}") = "Task_03_09", "Task_03_09\Task_03_09.csproj", "{4C6337B0-9489-4CBB-A217-8105E282A4CA}"
EndProject
Project("{FAE04EC0-301F-11D3-BF4B-00C04F79EFBC}") = "Task_02_02", "Task_02_02\Task_02_02.csproj", "{89B33838-A39F-4548-88F3-5D2180BEDE07}"
EndProject
Global
	GlobalSection(SolutionConfigurationPlatforms) = preSolution
		Debug|Any CPU = Debug|Any CPU
		Release|Any CPU = Release|Any CPU
	EndGlobalSection
	GlobalSection(ProjectConfigurationPlatforms) = postSolution
		{57D7CB73-B6AA-441A-B964-AE5E93ACBB65}.Debug|Any CPU.ActiveCfg = Debug|Any CPU
		{57D7CB73-B6AA-441A-B964-AE5E93ACBB65}.Debug|Any CPU.Build.0 = Debug|Any CPU
		{57D7CB73-B6AA-441A-B964-AE5E93ACBB65}.Release|Any CPU.ActiveCfg = Release|Any CPU
		{57D7CB73-B6AA-441A-B964-AE5E93ACBB65}.Release|Any CPU.Build.0 = Release|Any CPU
		{8644A90B-E02D-4D27-B86E-F1A18D84DE5F}.Debug|Any CPU.ActiveCfg = Debug|Any CPU
		{8644A90B-E02D-4D27-B86E-F1A18D84DE5F}.Debug|Any CPU.Build.0 = Debug|Any CPU
		{8644A90B-E02D-4D27-B86E-F1A18D84DE5F}.Release|Any CPU.ActiveCfg = Release|Any CPU
		{8644A90B-E02D-4D27-B86E-F1A18D84DE5F}.Release|Any CPU.Build.0 = Release|Any CPU
		{0BDC0C55-F3C1-40F7-B304-531D10D67700}.Debug|Any CPU.ActiveCfg = Debug|Any CPU
		{0BDC0C55-F3C1-40F7-B304-531D10D67700}.Debug|Any CPU.Build.0 = Debug|Any CPU
		{0BDC0C55-F3C1-40F7-B304-531D10D67700}.Release|Any CPU.ActiveCfg = Release|Any CPU
		{0BDC0C55-F3C1-40F7-B304-531D10D67700}.Release|Any CPU.Build.0 = Release|Any CPU
		{31806C55-75CA-4134-9CD8-1F82969E6CAD}.Debug|Any CPU.ActiveCfg = Debug|Any CPU
		{31806C55-75CA-4134-9CD8-1F82969E6CAD}.Debug|Any CPU.Build.0 = Debug|Any CPU
		{31806C55-75CA-4134-9CD8-1F82969E6CAD}.Release|Any CPU.ActiveCfg = Release|Any CPU
		{31806C55-75CA-4134-9CD8-1F82969E6CAD}.Release|Any CPU.Build.0 = Release|Any CPU
		{B7F49D04-A92B-41F5-AF93-B9A9E1378D0B}.Debug|Any CPU.ActiveCfg = Debug|Any CPU
		{B7F49D04-A92B-41F5-AF93-B9A9E1378D0B}.Debug|Any CPU.Build.0 = Debug|Any CPU
		{B7F49D04-A92B-41F5-AF93-B9A9E1378D0B}.Release|Any CPU.ActiveCfg = Release|Any CPU
		{B7F49D04-A92B-41F5-AF93-B9A9E1378D0B}.Release|Any CPU.Build.0 = Release|Any CPU
		{433E07D8-6EB3-44F4-994E-7252F24A8DD0}.Debug|Any CPU.ActiveCfg = Debug|Any CPU
		{433E07D8-6EB3-44F4-994E-7252F24A8DD0}.Debug|Any CPU.Build.0 = Debug|Any CPU
		{433E07D8-6EB3-44F4-994E-7252F24A8DD0}.Release|Any CPU.ActiveCfg = Release|Any CPU
		{433E07D8-6EB3-44F4-994E-7252F24A8DD0}.Release|Any CPU.Build.0 = Release|Any CPU
		{4C6337B0-9489-4CBB-A217-8105E282A4CA}.Debug|Any CPU.ActiveCfg = Debug|Any CPU
		{4C6337B0-9489-4CBB-A217-8105E282A4CA}.Debug|Any CPU.Build.0 = Debug|Any CPU
		{4C6337B0-9489-4CBB-A217-8105E282A4CA}.Release|Any CPU.ActiveCfg = Release|Any CPU
		{4C6337B0-9489-4CBB-A217-8105E282A4CA}.Release|Any CPU.Build.0 = Release|Any CPU
		{89B33838-A39F-4548-88F3-5D2180BEDE07}.Debug|Any CPU.ActiveCfg = Debug|Any CPU
		{89B33838-A39F-4548-88F3-5D2180BEDE07}.Debug|Any CPU.Build.0 = Debug|Any CPU
		{89B33838-A39F-4548-88F3-5D2180BEDE07}.Release|Any CPU.ActiveCfg = Release|Any CPU
		{89B33838-A39F-4548-88F3-5D2180BEDE07}.Release|Any CPU.Build.0 = Release|Any CPU
	EndGlobalSection
	GlobalSection(SolutionProperties) = preSolution
		HideSolutionNode = FALSE
	EndGlobalSection
	GlobalSection(NestedProjects) = preSolution
		{57D7CB73-B6AA-441A-B964-AE5E93ACBB65} = {1451FF31-8FF7-483C-A299-F944293A4B27}
		{4FBF1F75-0FA9-4D9D-82FD-1588A6C28D31} = {1451FF31-8FF7-483C-A299-F944293A4B27}
		{8644A90B-E02D-4D27-B86E-F1A18D84DE5F} = {4FBF1F75-0FA9-4D9D-82FD-1588A6C28D31}
		{0BDC0C55-F3C1-40F7-B304-531D10D67700} = {4FBF1F75-0FA9-4D9D-82FD-1588A6C28D31}
		{31806C55-75CA-4134-9CD8-1F82969E6CAD} = {4FBF1F75-0FA9-4D9D-82FD-1588A6C28D31}
		{B7F49D04-A92B-41F5-AF93-B9A9E1378D0B} = {4FBF1F75-0FA9-4D9D-82FD-1588A6C28D31}
		{433E07D8-6EB3-44F4-994E-7252F24A8DD0} = {4FBF1F75-0FA9-4D9D-82FD-1588A6C28D31}
		{4C6337B0-9489-4CBB-A217-8105E282A4CA} = {4FBF1F75-0FA9-4D9D-82FD-1588A6C28D31}
		{89B33838-A39F-4548-88F3-5D2180BEDE07} = {1451FF31-8FF7-483C-A299-F944293A4B27}
	EndGlobalSection
EndGlobal
