
Microsoft Visual Studio Solution File, Format Version 12.00
# Visual Studio Version 17
VisualStudioVersion = 17.12.35707.178
MinimumVisualStudioVersion = 10.0.40219.1
Project("{2150E333-8FDC-42A3-9474-1A3956D46DE8}") = "Lesson_02", "Lesson_02", "{1451FF31-8FF7-483C-A299-F944293A4B27}"
EndProject
Project("{FAE04EC0-301F-11D3-BF4B-00C04F79EFBC}") = "Task_02_04", "Task_02_04\Task_02_04.csproj", "{57D7CB73-B6AA-441A-B964-AE5E93ACBB65}"
EndProject
Project("{2150E333-8FDC-42A3-9474-1A3956D46DE8}") = "Lesson_03", "Lesson_03", "{4FBF1F75-0FA9-4D9D-82FD-1588A6C28D31}"
EndProject
Project("{FAE04EC0-301F-11D3-BF4B-00C04F79EFBC}") = "Task_03_04", "Task_03_04\Task_03_04.csproj", "{8644A90B-E02D-4D27-B86E-F1A18D84DE5F}"
EndProject
Project("{FAE04EC0-301F-11D3-BF4B-00C04F79EFBC}") = "Task_03_08", "Task_03_05\Task_03_08.csproj", "{0BDC0C55-F3C1-40F7-B304-531D10D67700}"
EndProject
Project("{FAE04EC0-301F-11D3-BF4B-00C04F79EFBC}") = "Task_03_05_", "Task_03_05_\Task_03_05_.csproj", "{31806C55-75CA-4134-9CD8-1F82969E6CAD}"
EndProject
Project("{FAE04EC0-301F-11D3-BF4B-00C04F79EFBC}") = "Task_03_06", "Task_03_06\Task_03_06.csproj", "{B7F49D04-A92B-41F5-AF93-B9A9E1378D0B}"
EndProject
Project("{FAE04EC0-301F-11D3-BF4B-00C04F79EFBC}") = "Task_03_07", "Task_03_07\Task_03_07.csproj", "{433E07D8-6EB3-44F4-994E-7252F24A8DD0}"
EndProject
Project("{FAE04EC0-301F-11D3-BF4B-00C04F79EFBC}") = "Task_03_09", "Task_03_09\Task_03_09.csproj", "{4C6337B0-9489-4CBB-A217-8105E282A4CA}"
EndProject
Project("{FAE04EC0-301F-11D3-BF4B-00C04F79EFBC}") = "Task_02_02", "Task_02_02\Task_02_02.csproj", "{89B33838-A39F-4548-88F3-5D2180BEDE07}"
EndProject
Project("{2150E333-8FDC-42A3-9474-1A3956D46DE8}") = "Lesson_04", "Lesson_04", "{89682B63-5A55-44C0-8282-A00EAC0D5D4B}"
EndProject
Project("{FAE04EC0-301F-11D3-BF4B-00C04F79EFBC}") = "Task_04_05", "Task_04_05\Task_04_05.csproj", "{4CAF7AB2-A0D1-41AE-BB89-9B6240234CC6}"
EndProject
Project("{FAE04EC0-301F-11D3-BF4B-00C04F79EFBC}") = "Task_04_06", "Task_04_06\Task_04_06.csproj", "{D34021E7-F508-47B9-B76A-6673D20CF370}"
EndProject
Project("{FAE04EC0-301F-11D3-BF4B-00C04F79EFBC}") = "Task_04_07", "Task_04_07\Task_04_07.csproj", "{E2C489EF-02E7-4A82-87FB-27EAC9B62EBE}"
EndProject
Project("{FAE04EC0-301F-11D3-BF4B-00C04F79EFBC}") = "Task_04_08", "Task_04_08\Task_04_08.csproj", "{FC2F675D-3C35-47D9-B266-379DBBE49CB8}"
EndProject
Project("{FAE04EC0-301F-11D3-BF4B-00C04F79EFBC}") = "Task_04_09", "Task_04_09\Task_04_09.csproj", "{44BFB485-C1E5-4DC1-AA8C-DB87A3E5132C}"
EndProject
Project("{FAE04EC0-301F-11D3-BF4B-00C04F79EFBC}") = "Task_04_10", "Task_04_10\Task_04_10\Task_04_10.csproj", "{A81D8ED9-BFA0-45FF-9CD6-A7C2E15929E9}"
EndProject
Project("{2150E333-8FDC-42A3-9474-1A3956D46DE8}") = "Lesson_05", "Lesson_05", "{5496EB26-8BB7-4967-A043-EC32BA89C21F}"
EndProject
Project("{FAE04EC0-301F-11D3-BF4B-00C04F79EFBC}") = "Task_05_03", "Task_05_03\Task_05_03.csproj", "{762BDB55-B77A-4097-9BBC-A0D510DABF11}"
EndProject
Project("{FAE04EC0-301F-11D3-BF4B-00C04F79EFBC}") = "Task_05_04", "Task_05_04\Task_05_04.csproj", "{E6354865-BF99-42BB-AB7F-3D78CADBFED0}"
EndProject
Project("{FAE04EC0-301F-11D3-BF4B-00C04F79EFBC}") = "Task_05_05", "Task_05_05\Task_05_05.csproj", "{5073439A-6E9E-496A-B065-2E8AA11BEADB}"
EndProject
Project("{FAE04EC0-301F-11D3-BF4B-00C04F79EFBC}") = "Task_05_06", "Task_05_06\Task_05_06.csproj", "{7619ECF3-2BB3-4C1F-A818-162824D1E8F9}"
EndProject
Project("{FAE04EC0-301F-11D3-BF4B-00C04F79EFBC}") = "Task_05_07", "Task_05_07\Task_05_07.csproj", "{41C5EA58-3FB3-4FB0-88BD-38F33B769A14}"
EndProject
Project("{FAE04EC0-301F-11D3-BF4B-00C04F79EFBC}") = "Task_05_08", "Task_05_08\Task_05_08.csproj", "{C5C9219A-ACDB-40F4-A09C-813784EFD8CB}"
EndProject
Project("{FAE04EC0-301F-11D3-BF4B-00C04F79EFBC}") = "Task_05_09", "Task_05_09\Task_05_09.csproj", "{00609182-6524-4B89-B948-5CEDA3E78EB8}"
EndProject
Project("{FAE04EC0-301F-11D3-BF4B-00C04F79EFBC}") = "ConsoleApp2", "ConsoleApp2\ConsoleApp2.csproj", "{8CABB22E-4FDE-4023-BB2A-276BB61FEA57}"
EndProject
Project("{2150E333-8FDC-42A3-9474-1A3956D46DE8}") = "Lesson_10", "Lesson_10", "{A7A3005C-9114-4511-AB2E-C37934BFB05B}"
EndProject
Project("{FAE04EC0-301F-11D3-BF4B-00C04F79EFBC}") = "Task_10_06", "Task_10_06\Task_10_06.csproj", "{C2C9DE84-FA36-4BC7-9C51-D0092248D9A3}"
EndProject
Project("{FAE04EC0-301F-11D3-BF4B-00C04F79EFBC}") = "Task_10_07", "Task_10_07\Task_10_07.csproj", "{1D6536AC-90AC-4040-9F0B-65DACA0B6BEC}"
EndProject
Project("{FAE04EC0-301F-11D3-BF4B-00C04F79EFBC}") = "Task_10_08", "Task_10_8\Task_10_08.csproj", "{CD1B021B-9724-4FAF-A3C5-933FE3BFDD1B}"
EndProject
Project("{2150E333-8FDC-42A3-9474-1A3956D46DE8}") = "Lesson_11", "Lesson_11", "{0062C010-BA53-4775-AAF6-F5E08AD6F68A}"
EndProject
Project("{FAE04EC0-301F-11D3-BF4B-00C04F79EFBC}") = "Task_11_01", "Task_11_01\Task_11_01.csproj", "{BE511F22-9E13-4C0C-9C91-60A6E6BD7C32}"
EndProject
Project("{FAE04EC0-301F-11D3-BF4B-00C04F79EFBC}") = "Task_11_02", "Task_11_02\Task_11_02.csproj", "{79E56C2A-CBC6-44DC-8DF8-DF4639870B6A}"
EndProject
Project("{FAE04EC0-301F-11D3-BF4B-00C04F79EFBC}") = "Task_11_03", "Task_11_03\Task_11_03.csproj", "{13D977D7-2E8B-4269-B1B5-B53086FA6E76}"
EndProject
Project("{FAE04EC0-301F-11D3-BF4B-00C04F79EFBC}") = "Task_11_04", "Task_11_04\Task_11_04.csproj", "{32C8C1BA-9966-46AD-ACC5-BC1ED16DC09F}"
EndProject
Project("{FAE04EC0-301F-11D3-BF4B-00C04F79EFBC}") = "Task_11_05", "Task_11_05\Task_11_05.csproj", "{28D875B3-4DD4-4FA3-9C2C-793C154FFA33}"
EndProject
Project("{FAE04EC0-301F-11D3-BF4B-00C04F79EFBC}") = "Task_11_06", "Task_11_06\Task_11_06.csproj", "{22C9B884-92C4-4055-ADA0-0BBCE4801270}"
EndProject
Project("{FAE04EC0-301F-11D3-BF4B-00C04F79EFBC}") = "Task_11_07", "Task_11_07\Task_11_07.csproj", "{DC38E516-4721-4849-9837-B4FC4EB81EA5}"
EndProject
Project("{FAE04EC0-301F-11D3-BF4B-00C04F79EFBC}") = "Task_11_08", "Task_11_08\Task_11_08.csproj", "{7D7B8232-C285-4BDA-A993-FD25B0EE86EB}"
EndProject
Project("{2150E333-8FDC-42A3-9474-1A3956D46DE8}") = "Lesson_13", "Lesson_13", "{39EE6942-EBA6-42F2-8536-2F9DB35378E0}"
EndProject
Project("{FAE04EC0-301F-11D3-BF4B-00C04F79EFBC}") = "Task_13_02", "Task_13_02\Task_13_02.csproj", "{148C3577-615B-4742-9BED-F2FEE34ADF15}"
EndProject
Project("{FAE04EC0-301F-11D3-BF4B-00C04F79EFBC}") = "Task_13_03", "Task_13_03\Task_13_03.csproj", "{903BBFEC-CA5D-45C1-8BBB-8C98E414C797}"
EndProject
Project("{2150E333-8FDC-42A3-9474-1A3956D46DE8}") = "Lesson_14", "Lesson_14", "{1EBD7D11-6E44-47D6-A417-01EB706F1527}"
EndProject
Project("{FAE04EC0-301F-11D3-BF4B-00C04F79EFBC}") = "Task_14_03", "Task_14_03\Task_14_03.csproj", "{18456211-ECE3-434C-BFBD-C240D42E538F}"
EndProject
Project("{FAE04EC0-301F-11D3-BF4B-00C04F79EFBC}") = "Task_14_04", "Task_14_04\Task_14_04.csproj", "{52EFE5E8-CACE-4D3F-A00D-67C8689E918D}"
EndProject
Project("{2150E333-8FDC-42A3-9474-1A3956D46DE8}") = "Lesson_19", "Lesson_19", "{D834AD81-9905-42E0-A2A2-07413D55821A}"
EndProject
Project("{FAE04EC0-301F-11D3-BF4B-00C04F79EFBC}") = "Task_19_01", "Task_19_1\Task_19_01.csproj", "{797ABE61-3507-495C-A686-871EAF76B6AB}"
EndProject
Project("{FAE04EC0-301F-11D3-BF4B-00C04F79EFBC}") = "Task_19_02", "Tassk_19_02\Task_19_02.csproj", "{4C04B578-B738-440E-852C-FF56970A4D29}"
EndProject
Project("{FAE04EC0-301F-11D3-BF4B-00C04F79EFBC}") = "Task_19_03", "Task_19_03\Task_19_03.csproj", "{79F347BB-616E-4198-8FED-596BC6C58690}"
EndProject
Project("{2150E333-8FDC-42A3-9474-1A3956D46DE8}") = "Lesson_20", "Lesson_20", "{F62F8082-597A-4627-B3D8-A2DC93BF58DF}"
EndProject
Project("{FAE04EC0-301F-11D3-BF4B-00C04F79EFBC}") = "Task_20_04", "Task_20_04\Task_20_04.csproj", "{6EEA31B3-CFF7-4D0B-BBCB-8FE23132796E}"
EndProject
Project("{FAE04EC0-301F-11D3-BF4B-00C04F79EFBC}") = "Task_20_05", "Task_20_05\Task_20_05.csproj", "{A8F58801-A429-4BEF-8BDB-DB6E1F5216FB}"
EndProject
Project("{FAE04EC0-301F-11D3-BF4B-00C04F79EFBC}") = "Task_20_06", "Task_20_06\Task_20_06.csproj", "{4CBD8ADA-7DD0-4530-A51E-9D56F9990C3D}"
EndProject
Project("{2150E333-8FDC-42A3-9474-1A3956D46DE8}") = "Lesson_21", "Lesson_21", "{0214FEB0-80F3-4C28-8794-2FAE6F499190}"
EndProject
Project("{FAE04EC0-301F-11D3-BF4B-00C04F79EFBC}") = "Task_21_01", "Task_21_01\Task_21_01.csproj", "{5201DEEB-D008-4B32-BE0D-3AE3730EE2BB}"
EndProject
Project("{FAE04EC0-301F-11D3-BF4B-00C04F79EFBC}") = "Task_21_02", "Task_21_02\Task_21_02.csproj", "{ACD620BC-35FD-4984-BB47-B320BED9B55E}"
EndProject
Project("{2150E333-8FDC-42A3-9474-1A3956D46DE8}") = "Lesson_24", "Lesson_24", "{DC5BE96C-7A01-47B7-95D0-699CEF26A552}"
EndProject
Project("{FAE04EC0-301F-11D3-BF4B-00C04F79EFBC}") = "Task_24_06", "Task_24_06\Task_24_06.csproj", "{0C264F00-FDB5-4FEE-A165-7C9E0341643B}"
EndProject
Project("{FAE04EC0-301F-11D3-BF4B-00C04F79EFBC}") = "Task_24_07", "Task_24_07\Task_24_07.csproj", "{76C16ED9-5AEB-4B89-B7A2-E99752E1F51C}"
EndProject
Project("{FAE04EC0-301F-11D3-BF4B-00C04F79EFBC}") = "ПЗ 03", "ПЗ 03\ПЗ 03.csproj", "{529EC104-622B-4C9F-87F3-59B19AB082AD}"
EndProject
Project("{FAE04EC0-301F-11D3-BF4B-00C04F79EFBC}") = "Task_32_01", "Task_32_01\Task_32_01.csproj", "{52774D2B-ADD7-4AB9-9B3B-88973D38305B}"
EndProject
Global
	GlobalSection(SolutionConfigurationPlatforms) = preSolution
		Debug|Any CPU = Debug|Any CPU
		Release|Any CPU = Release|Any CPU
	EndGlobalSection
	GlobalSection(ProjectConfigurationPlatforms) = postSolution
		{57D7CB73-B6AA-441A-B964-AE5E93ACBB65}.Debug|Any CPU.ActiveCfg = Debug|Any CPU
		{57D7CB73-B6AA-441A-B964-AE5E93ACBB65}.Debug|Any CPU.Build.0 = Debug|Any CPU
		{57D7CB73-B6AA-441A-B964-AE5E93ACBB65}.Release|Any CPU.ActiveCfg = Release|Any CPU
		{57D7CB73-B6AA-441A-B964-AE5E93ACBB65}.Release|Any CPU.Build.0 = Release|Any CPU
		{8644A90B-E02D-4D27-B86E-F1A18D84DE5F}.Debug|Any CPU.ActiveCfg = Debug|Any CPU
		{8644A90B-E02D-4D27-B86E-F1A18D84DE5F}.Debug|Any CPU.Build.0 = Debug|Any CPU
		{8644A90B-E02D-4D27-B86E-F1A18D84DE5F}.Release|Any CPU.ActiveCfg = Release|Any CPU
		{8644A90B-E02D-4D27-B86E-F1A18D84DE5F}.Release|Any CPU.Build.0 = Release|Any CPU
		{0BDC0C55-F3C1-40F7-B304-531D10D67700}.Debug|Any CPU.ActiveCfg = Debug|Any CPU
		{0BDC0C55-F3C1-40F7-B304-531D10D67700}.Debug|Any CPU.Build.0 = Debug|Any CPU
		{0BDC0C55-F3C1-40F7-B304-531D10D67700}.Release|Any CPU.ActiveCfg = Release|Any CPU
		{0BDC0C55-F3C1-40F7-B304-531D10D67700}.Release|Any CPU.Build.0 = Release|Any CPU
		{31806C55-75CA-4134-9CD8-1F82969E6CAD}.Debug|Any CPU.ActiveCfg = Debug|Any CPU
		{31806C55-75CA-4134-9CD8-1F82969E6CAD}.Debug|Any CPU.Build.0 = Debug|Any CPU
		{31806C55-75CA-4134-9CD8-1F82969E6CAD}.Release|Any CPU.ActiveCfg = Release|Any CPU
		{31806C55-75CA-4134-9CD8-1F82969E6CAD}.Release|Any CPU.Build.0 = Release|Any CPU
		{B7F49D04-A92B-41F5-AF93-B9A9E1378D0B}.Debug|Any CPU.ActiveCfg = Debug|Any CPU
		{B7F49D04-A92B-41F5-AF93-B9A9E1378D0B}.Debug|Any CPU.Build.0 = Debug|Any CPU
		{B7F49D04-A92B-41F5-AF93-B9A9E1378D0B}.Release|Any CPU.ActiveCfg = Release|Any CPU
		{B7F49D04-A92B-41F5-AF93-B9A9E1378D0B}.Release|Any CPU.Build.0 = Release|Any CPU
		{433E07D8-6EB3-44F4-994E-7252F24A8DD0}.Debug|Any CPU.ActiveCfg = Debug|Any CPU
		{433E07D8-6EB3-44F4-994E-7252F24A8DD0}.Debug|Any CPU.Build.0 = Debug|Any CPU
		{433E07D8-6EB3-44F4-994E-7252F24A8DD0}.Release|Any CPU.ActiveCfg = Release|Any CPU
		{433E07D8-6EB3-44F4-994E-7252F24A8DD0}.Release|Any CPU.Build.0 = Release|Any CPU
		{4C6337B0-9489-4CBB-A217-8105E282A4CA}.Debug|Any CPU.ActiveCfg = Debug|Any CPU
		{4C6337B0-9489-4CBB-A217-8105E282A4CA}.Debug|Any CPU.Build.0 = Debug|Any CPU
		{4C6337B0-9489-4CBB-A217-8105E282A4CA}.Release|Any CPU.ActiveCfg = Release|Any CPU
		{4C6337B0-9489-4CBB-A217-8105E282A4CA}.Release|Any CPU.Build.0 = Release|Any CPU
		{89B33838-A39F-4548-88F3-5D2180BEDE07}.Debug|Any CPU.ActiveCfg = Debug|Any CPU
		{89B33838-A39F-4548-88F3-5D2180BEDE07}.Debug|Any CPU.Build.0 = Debug|Any CPU
		{89B33838-A39F-4548-88F3-5D2180BEDE07}.Release|Any CPU.ActiveCfg = Release|Any CPU
		{89B33838-A39F-4548-88F3-5D2180BEDE07}.Release|Any CPU.Build.0 = Release|Any CPU
		{4CAF7AB2-A0D1-41AE-BB89-9B6240234CC6}.Debug|Any CPU.ActiveCfg = Debug|Any CPU
		{4CAF7AB2-A0D1-41AE-BB89-9B6240234CC6}.Debug|Any CPU.Build.0 = Debug|Any CPU
		{4CAF7AB2-A0D1-41AE-BB89-9B6240234CC6}.Release|Any CPU.ActiveCfg = Release|Any CPU
		{4CAF7AB2-A0D1-41AE-BB89-9B6240234CC6}.Release|Any CPU.Build.0 = Release|Any CPU
		{D34021E7-F508-47B9-B76A-6673D20CF370}.Debug|Any CPU.ActiveCfg = Debug|Any CPU
		{D34021E7-F508-47B9-B76A-6673D20CF370}.Debug|Any CPU.Build.0 = Debug|Any CPU
		{D34021E7-F508-47B9-B76A-6673D20CF370}.Release|Any CPU.ActiveCfg = Release|Any CPU
		{D34021E7-F508-47B9-B76A-6673D20CF370}.Release|Any CPU.Build.0 = Release|Any CPU
		{E2C489EF-02E7-4A82-87FB-27EAC9B62EBE}.Debug|Any CPU.ActiveCfg = Debug|Any CPU
		{E2C489EF-02E7-4A82-87FB-27EAC9B62EBE}.Debug|Any CPU.Build.0 = Debug|Any CPU
		{E2C489EF-02E7-4A82-87FB-27EAC9B62EBE}.Release|Any CPU.ActiveCfg = Release|Any CPU
		{E2C489EF-02E7-4A82-87FB-27EAC9B62EBE}.Release|Any CPU.Build.0 = Release|Any CPU
		{FC2F675D-3C35-47D9-B266-379DBBE49CB8}.Debug|Any CPU.ActiveCfg = Debug|Any CPU
		{FC2F675D-3C35-47D9-B266-379DBBE49CB8}.Debug|Any CPU.Build.0 = Debug|Any CPU
		{FC2F675D-3C35-47D9-B266-379DBBE49CB8}.Release|Any CPU.ActiveCfg = Release|Any CPU
		{FC2F675D-3C35-47D9-B266-379DBBE49CB8}.Release|Any CPU.Build.0 = Release|Any CPU
		{44BFB485-C1E5-4DC1-AA8C-DB87A3E5132C}.Debug|Any CPU.ActiveCfg = Debug|Any CPU
		{44BFB485-C1E5-4DC1-AA8C-DB87A3E5132C}.Debug|Any CPU.Build.0 = Debug|Any CPU
		{44BFB485-C1E5-4DC1-AA8C-DB87A3E5132C}.Release|Any CPU.ActiveCfg = Release|Any CPU
		{44BFB485-C1E5-4DC1-AA8C-DB87A3E5132C}.Release|Any CPU.Build.0 = Release|Any CPU
		{A81D8ED9-BFA0-45FF-9CD6-A7C2E15929E9}.Debug|Any CPU.ActiveCfg = Debug|Any CPU
		{A81D8ED9-BFA0-45FF-9CD6-A7C2E15929E9}.Debug|Any CPU.Build.0 = Debug|Any CPU
		{A81D8ED9-BFA0-45FF-9CD6-A7C2E15929E9}.Release|Any CPU.ActiveCfg = Release|Any CPU
		{A81D8ED9-BFA0-45FF-9CD6-A7C2E15929E9}.Release|Any CPU.Build.0 = Release|Any CPU
		{762BDB55-B77A-4097-9BBC-A0D510DABF11}.Debug|Any CPU.ActiveCfg = Debug|Any CPU
		{762BDB55-B77A-4097-9BBC-A0D510DABF11}.Debug|Any CPU.Build.0 = Debug|Any CPU
		{762BDB55-B77A-4097-9BBC-A0D510DABF11}.Release|Any CPU.ActiveCfg = Release|Any CPU
		{762BDB55-B77A-4097-9BBC-A0D510DABF11}.Release|Any CPU.Build.0 = Release|Any CPU
		{E6354865-BF99-42BB-AB7F-3D78CADBFED0}.Debug|Any CPU.ActiveCfg = Debug|Any CPU
		{E6354865-BF99-42BB-AB7F-3D78CADBFED0}.Debug|Any CPU.Build.0 = Debug|Any CPU
		{E6354865-BF99-42BB-AB7F-3D78CADBFED0}.Release|Any CPU.ActiveCfg = Release|Any CPU
		{E6354865-BF99-42BB-AB7F-3D78CADBFED0}.Release|Any CPU.Build.0 = Release|Any CPU
		{5073439A-6E9E-496A-B065-2E8AA11BEADB}.Debug|Any CPU.ActiveCfg = Debug|Any CPU
		{5073439A-6E9E-496A-B065-2E8AA11BEADB}.Debug|Any CPU.Build.0 = Debug|Any CPU
		{5073439A-6E9E-496A-B065-2E8AA11BEADB}.Release|Any CPU.ActiveCfg = Release|Any CPU
		{5073439A-6E9E-496A-B065-2E8AA11BEADB}.Release|Any CPU.Build.0 = Release|Any CPU
		{7619ECF3-2BB3-4C1F-A818-162824D1E8F9}.Debug|Any CPU.ActiveCfg = Debug|Any CPU
		{7619ECF3-2BB3-4C1F-A818-162824D1E8F9}.Debug|Any CPU.Build.0 = Debug|Any CPU
		{7619ECF3-2BB3-4C1F-A818-162824D1E8F9}.Release|Any CPU.ActiveCfg = Release|Any CPU
		{7619ECF3-2BB3-4C1F-A818-162824D1E8F9}.Release|Any CPU.Build.0 = Release|Any CPU
		{41C5EA58-3FB3-4FB0-88BD-38F33B769A14}.Debug|Any CPU.ActiveCfg = Debug|Any CPU
		{41C5EA58-3FB3-4FB0-88BD-38F33B769A14}.Debug|Any CPU.Build.0 = Debug|Any CPU
		{41C5EA58-3FB3-4FB0-88BD-38F33B769A14}.Release|Any CPU.ActiveCfg = Release|Any CPU
		{41C5EA58-3FB3-4FB0-88BD-38F33B769A14}.Release|Any CPU.Build.0 = Release|Any CPU
		{C5C9219A-ACDB-40F4-A09C-813784EFD8CB}.Debug|Any CPU.ActiveCfg = Debug|Any CPU
		{C5C9219A-ACDB-40F4-A09C-813784EFD8CB}.Debug|Any CPU.Build.0 = Debug|Any CPU
		{C5C9219A-ACDB-40F4-A09C-813784EFD8CB}.Release|Any CPU.ActiveCfg = Release|Any CPU
		{C5C9219A-ACDB-40F4-A09C-813784EFD8CB}.Release|Any CPU.Build.0 = Release|Any CPU
		{00609182-6524-4B89-B948-5CEDA3E78EB8}.Debug|Any CPU.ActiveCfg = Debug|Any CPU
		{00609182-6524-4B89-B948-5CEDA3E78EB8}.Debug|Any CPU.Build.0 = Debug|Any CPU
		{00609182-6524-4B89-B948-5CEDA3E78EB8}.Release|Any CPU.ActiveCfg = Release|Any CPU
		{00609182-6524-4B89-B948-5CEDA3E78EB8}.Release|Any CPU.Build.0 = Release|Any CPU
		{8CABB22E-4FDE-4023-BB2A-276BB61FEA57}.Debug|Any CPU.ActiveCfg = Debug|Any CPU
		{8CABB22E-4FDE-4023-BB2A-276BB61FEA57}.Debug|Any CPU.Build.0 = Debug|Any CPU
		{8CABB22E-4FDE-4023-BB2A-276BB61FEA57}.Release|Any CPU.ActiveCfg = Release|Any CPU
		{8CABB22E-4FDE-4023-BB2A-276BB61FEA57}.Release|Any CPU.Build.0 = Release|Any CPU
		{C2C9DE84-FA36-4BC7-9C51-D0092248D9A3}.Debug|Any CPU.ActiveCfg = Debug|Any CPU
		{C2C9DE84-FA36-4BC7-9C51-D0092248D9A3}.Debug|Any CPU.Build.0 = Debug|Any CPU
		{C2C9DE84-FA36-4BC7-9C51-D0092248D9A3}.Release|Any CPU.ActiveCfg = Release|Any CPU
		{C2C9DE84-FA36-4BC7-9C51-D0092248D9A3}.Release|Any CPU.Build.0 = Release|Any CPU
		{1D6536AC-90AC-4040-9F0B-65DACA0B6BEC}.Debug|Any CPU.ActiveCfg = Debug|Any CPU
		{1D6536AC-90AC-4040-9F0B-65DACA0B6BEC}.Debug|Any CPU.Build.0 = Debug|Any CPU
		{1D6536AC-90AC-4040-9F0B-65DACA0B6BEC}.Release|Any CPU.ActiveCfg = Release|Any CPU
		{1D6536AC-90AC-4040-9F0B-65DACA0B6BEC}.Release|Any CPU.Build.0 = Release|Any CPU
		{CD1B021B-9724-4FAF-A3C5-933FE3BFDD1B}.Debug|Any CPU.ActiveCfg = Debug|Any CPU
		{CD1B021B-9724-4FAF-A3C5-933FE3BFDD1B}.Debug|Any CPU.Build.0 = Debug|Any CPU
		{CD1B021B-9724-4FAF-A3C5-933FE3BFDD1B}.Release|Any CPU.ActiveCfg = Release|Any CPU
		{CD1B021B-9724-4FAF-A3C5-933FE3BFDD1B}.Release|Any CPU.Build.0 = Release|Any CPU
		{BE511F22-9E13-4C0C-9C91-60A6E6BD7C32}.Debug|Any CPU.ActiveCfg = Debug|Any CPU
		{BE511F22-9E13-4C0C-9C91-60A6E6BD7C32}.Debug|Any CPU.Build.0 = Debug|Any CPU
		{BE511F22-9E13-4C0C-9C91-60A6E6BD7C32}.Release|Any CPU.ActiveCfg = Release|Any CPU
		{BE511F22-9E13-4C0C-9C91-60A6E6BD7C32}.Release|Any CPU.Build.0 = Release|Any CPU
		{79E56C2A-CBC6-44DC-8DF8-DF4639870B6A}.Debug|Any CPU.ActiveCfg = Debug|Any CPU
		{79E56C2A-CBC6-44DC-8DF8-DF4639870B6A}.Debug|Any CPU.Build.0 = Debug|Any CPU
		{79E56C2A-CBC6-44DC-8DF8-DF4639870B6A}.Release|Any CPU.ActiveCfg = Release|Any CPU
		{79E56C2A-CBC6-44DC-8DF8-DF4639870B6A}.Release|Any CPU.Build.0 = Release|Any CPU
		{13D977D7-2E8B-4269-B1B5-B53086FA6E76}.Debug|Any CPU.ActiveCfg = Debug|Any CPU
		{13D977D7-2E8B-4269-B1B5-B53086FA6E76}.Debug|Any CPU.Build.0 = Debug|Any CPU
		{13D977D7-2E8B-4269-B1B5-B53086FA6E76}.Release|Any CPU.ActiveCfg = Release|Any CPU
		{13D977D7-2E8B-4269-B1B5-B53086FA6E76}.Release|Any CPU.Build.0 = Release|Any CPU
		{32C8C1BA-9966-46AD-ACC5-BC1ED16DC09F}.Debug|Any CPU.ActiveCfg = Debug|Any CPU
		{32C8C1BA-9966-46AD-ACC5-BC1ED16DC09F}.Debug|Any CPU.Build.0 = Debug|Any CPU
		{32C8C1BA-9966-46AD-ACC5-BC1ED16DC09F}.Release|Any CPU.ActiveCfg = Release|Any CPU
		{32C8C1BA-9966-46AD-ACC5-BC1ED16DC09F}.Release|Any CPU.Build.0 = Release|Any CPU
		{28D875B3-4DD4-4FA3-9C2C-793C154FFA33}.Debug|Any CPU.ActiveCfg = Debug|Any CPU
		{28D875B3-4DD4-4FA3-9C2C-793C154FFA33}.Debug|Any CPU.Build.0 = Debug|Any CPU
		{28D875B3-4DD4-4FA3-9C2C-793C154FFA33}.Release|Any CPU.ActiveCfg = Release|Any CPU
		{28D875B3-4DD4-4FA3-9C2C-793C154FFA33}.Release|Any CPU.Build.0 = Release|Any CPU
		{22C9B884-92C4-4055-ADA0-0BBCE4801270}.Debug|Any CPU.ActiveCfg = Debug|Any CPU
		{22C9B884-92C4-4055-ADA0-0BBCE4801270}.Debug|Any CPU.Build.0 = Debug|Any CPU
		{22C9B884-92C4-4055-ADA0-0BBCE4801270}.Release|Any CPU.ActiveCfg = Release|Any CPU
		{22C9B884-92C4-4055-ADA0-0BBCE4801270}.Release|Any CPU.Build.0 = Release|Any CPU
		{DC38E516-4721-4849-9837-B4FC4EB81EA5}.Debug|Any CPU.ActiveCfg = Debug|Any CPU
		{DC38E516-4721-4849-9837-B4FC4EB81EA5}.Debug|Any CPU.Build.0 = Debug|Any CPU
		{DC38E516-4721-4849-9837-B4FC4EB81EA5}.Release|Any CPU.ActiveCfg = Release|Any CPU
		{DC38E516-4721-4849-9837-B4FC4EB81EA5}.Release|Any CPU.Build.0 = Release|Any CPU
		{7D7B8232-C285-4BDA-A993-FD25B0EE86EB}.Debug|Any CPU.ActiveCfg = Debug|Any CPU
		{7D7B8232-C285-4BDA-A993-FD25B0EE86EB}.Debug|Any CPU.Build.0 = Debug|Any CPU
		{7D7B8232-C285-4BDA-A993-FD25B0EE86EB}.Release|Any CPU.ActiveCfg = Release|Any CPU
		{7D7B8232-C285-4BDA-A993-FD25B0EE86EB}.Release|Any CPU.Build.0 = Release|Any CPU
		{148C3577-615B-4742-9BED-F2FEE34ADF15}.Debug|Any CPU.ActiveCfg = Debug|Any CPU
		{148C3577-615B-4742-9BED-F2FEE34ADF15}.Debug|Any CPU.Build.0 = Debug|Any CPU
		{148C3577-615B-4742-9BED-F2FEE34ADF15}.Release|Any CPU.ActiveCfg = Release|Any CPU
		{148C3577-615B-4742-9BED-F2FEE34ADF15}.Release|Any CPU.Build.0 = Release|Any CPU
		{903BBFEC-CA5D-45C1-8BBB-8C98E414C797}.Debug|Any CPU.ActiveCfg = Debug|Any CPU
		{903BBFEC-CA5D-45C1-8BBB-8C98E414C797}.Debug|Any CPU.Build.0 = Debug|Any CPU
		{903BBFEC-CA5D-45C1-8BBB-8C98E414C797}.Release|Any CPU.ActiveCfg = Release|Any CPU
		{903BBFEC-CA5D-45C1-8BBB-8C98E414C797}.Release|Any CPU.Build.0 = Release|Any CPU
		{18456211-ECE3-434C-BFBD-C240D42E538F}.Debug|Any CPU.ActiveCfg = Debug|Any CPU
		{18456211-ECE3-434C-BFBD-C240D42E538F}.Debug|Any CPU.Build.0 = Debug|Any CPU
		{18456211-ECE3-434C-BFBD-C240D42E538F}.Release|Any CPU.ActiveCfg = Release|Any CPU
		{18456211-ECE3-434C-BFBD-C240D42E538F}.Release|Any CPU.Build.0 = Release|Any CPU
		{52EFE5E8-CACE-4D3F-A00D-67C8689E918D}.Debug|Any CPU.ActiveCfg = Debug|Any CPU
		{52EFE5E8-CACE-4D3F-A00D-67C8689E918D}.Debug|Any CPU.Build.0 = Debug|Any CPU
		{52EFE5E8-CACE-4D3F-A00D-67C8689E918D}.Release|Any CPU.ActiveCfg = Release|Any CPU
		{52EFE5E8-CACE-4D3F-A00D-67C8689E918D}.Release|Any CPU.Build.0 = Release|Any CPU
		{797ABE61-3507-495C-A686-871EAF76B6AB}.Debug|Any CPU.ActiveCfg = Debug|Any CPU
		{797ABE61-3507-495C-A686-871EAF76B6AB}.Debug|Any CPU.Build.0 = Debug|Any CPU
		{797ABE61-3507-495C-A686-871EAF76B6AB}.Release|Any CPU.ActiveCfg = Release|Any CPU
		{797ABE61-3507-495C-A686-871EAF76B6AB}.Release|Any CPU.Build.0 = Release|Any CPU
		{4C04B578-B738-440E-852C-FF56970A4D29}.Debug|Any CPU.ActiveCfg = Debug|Any CPU
		{4C04B578-B738-440E-852C-FF56970A4D29}.Debug|Any CPU.Build.0 = Debug|Any CPU
		{4C04B578-B738-440E-852C-FF56970A4D29}.Release|Any CPU.ActiveCfg = Release|Any CPU
		{4C04B578-B738-440E-852C-FF56970A4D29}.Release|Any CPU.Build.0 = Release|Any CPU
		{79F347BB-616E-4198-8FED-596BC6C58690}.Debug|Any CPU.ActiveCfg = Debug|Any CPU
		{79F347BB-616E-4198-8FED-596BC6C58690}.Debug|Any CPU.Build.0 = Debug|Any CPU
		{79F347BB-616E-4198-8FED-596BC6C58690}.Release|Any CPU.ActiveCfg = Release|Any CPU
		{79F347BB-616E-4198-8FED-596BC6C58690}.Release|Any CPU.Build.0 = Release|Any CPU
		{6EEA31B3-CFF7-4D0B-BBCB-8FE23132796E}.Debug|Any CPU.ActiveCfg = Debug|Any CPU
		{6EEA31B3-CFF7-4D0B-BBCB-8FE23132796E}.Debug|Any CPU.Build.0 = Debug|Any CPU
		{6EEA31B3-CFF7-4D0B-BBCB-8FE23132796E}.Release|Any CPU.ActiveCfg = Release|Any CPU
		{6EEA31B3-CFF7-4D0B-BBCB-8FE23132796E}.Release|Any CPU.Build.0 = Release|Any CPU
		{A8F58801-A429-4BEF-8BDB-DB6E1F5216FB}.Debug|Any CPU.ActiveCfg = Debug|Any CPU
		{A8F58801-A429-4BEF-8BDB-DB6E1F5216FB}.Debug|Any CPU.Build.0 = Debug|Any CPU
		{A8F58801-A429-4BEF-8BDB-DB6E1F5216FB}.Release|Any CPU.ActiveCfg = Release|Any CPU
		{A8F58801-A429-4BEF-8BDB-DB6E1F5216FB}.Release|Any CPU.Build.0 = Release|Any CPU
		{4CBD8ADA-7DD0-4530-A51E-9D56F9990C3D}.Debug|Any CPU.ActiveCfg = Debug|Any CPU
		{4CBD8ADA-7DD0-4530-A51E-9D56F9990C3D}.Debug|Any CPU.Build.0 = Debug|Any CPU
		{4CBD8ADA-7DD0-4530-A51E-9D56F9990C3D}.Release|Any CPU.ActiveCfg = Release|Any CPU
		{4CBD8ADA-7DD0-4530-A51E-9D56F9990C3D}.Release|Any CPU.Build.0 = Release|Any CPU
		{5201DEEB-D008-4B32-BE0D-3AE3730EE2BB}.Debug|Any CPU.ActiveCfg = Debug|Any CPU
		{5201DEEB-D008-4B32-BE0D-3AE3730EE2BB}.Debug|Any CPU.Build.0 = Debug|Any CPU
		{5201DEEB-D008-4B32-BE0D-3AE3730EE2BB}.Release|Any CPU.ActiveCfg = Release|Any CPU
		{5201DEEB-D008-4B32-BE0D-3AE3730EE2BB}.Release|Any CPU.Build.0 = Release|Any CPU
		{ACD620BC-35FD-4984-BB47-B320BED9B55E}.Debug|Any CPU.ActiveCfg = Debug|Any CPU
		{ACD620BC-35FD-4984-BB47-B320BED9B55E}.Debug|Any CPU.Build.0 = Debug|Any CPU
		{ACD620BC-35FD-4984-BB47-B320BED9B55E}.Release|Any CPU.ActiveCfg = Release|Any CPU
		{ACD620BC-35FD-4984-BB47-B320BED9B55E}.Release|Any CPU.Build.0 = Release|Any CPU
		{0C264F00-FDB5-4FEE-A165-7C9E0341643B}.Debug|Any CPU.ActiveCfg = Debug|Any CPU
		{0C264F00-FDB5-4FEE-A165-7C9E0341643B}.Debug|Any CPU.Build.0 = Debug|Any CPU
		{0C264F00-FDB5-4FEE-A165-7C9E0341643B}.Release|Any CPU.ActiveCfg = Release|Any CPU
		{0C264F00-FDB5-4FEE-A165-7C9E0341643B}.Release|Any CPU.Build.0 = Release|Any CPU
		{76C16ED9-5AEB-4B89-B7A2-E99752E1F51C}.Debug|Any CPU.ActiveCfg = Debug|Any CPU
		{76C16ED9-5AEB-4B89-B7A2-E99752E1F51C}.Debug|Any CPU.Build.0 = Debug|Any CPU
		{76C16ED9-5AEB-4B89-B7A2-E99752E1F51C}.Release|Any CPU.ActiveCfg = Release|Any CPU
		{76C16ED9-5AEB-4B89-B7A2-E99752E1F51C}.Release|Any CPU.Build.0 = Release|Any CPU
		{529EC104-622B-4C9F-87F3-59B19AB082AD}.Debug|Any CPU.ActiveCfg = Debug|Any CPU
		{529EC104-622B-4C9F-87F3-59B19AB082AD}.Debug|Any CPU.Build.0 = Debug|Any CPU
		{529EC104-622B-4C9F-87F3-59B19AB082AD}.Release|Any CPU.ActiveCfg = Release|Any CPU
		{529EC104-622B-4C9F-87F3-59B19AB082AD}.Release|Any CPU.Build.0 = Release|Any CPU
		{52774D2B-ADD7-4AB9-9B3B-88973D38305B}.Debug|Any CPU.ActiveCfg = Debug|Any CPU
		{52774D2B-ADD7-4AB9-9B3B-88973D38305B}.Debug|Any CPU.Build.0 = Debug|Any CPU
		{52774D2B-ADD7-4AB9-9B3B-88973D38305B}.Release|Any CPU.ActiveCfg = Release|Any CPU
		{52774D2B-ADD7-4AB9-9B3B-88973D38305B}.Release|Any CPU.Build.0 = Release|Any CPU
	EndGlobalSection
	GlobalSection(SolutionProperties) = preSolution
		HideSolutionNode = FALSE
	EndGlobalSection
	GlobalSection(NestedProjects) = preSolution
		{57D7CB73-B6AA-441A-B964-AE5E93ACBB65} = {1451FF31-8FF7-483C-A299-F944293A4B27}
		{8644A90B-E02D-4D27-B86E-F1A18D84DE5F} = {4FBF1F75-0FA9-4D9D-82FD-1588A6C28D31}
		{0BDC0C55-F3C1-40F7-B304-531D10D67700} = {4FBF1F75-0FA9-4D9D-82FD-1588A6C28D31}
		{31806C55-75CA-4134-9CD8-1F82969E6CAD} = {4FBF1F75-0FA9-4D9D-82FD-1588A6C28D31}
		{B7F49D04-A92B-41F5-AF93-B9A9E1378D0B} = {4FBF1F75-0FA9-4D9D-82FD-1588A6C28D31}
		{433E07D8-6EB3-44F4-994E-7252F24A8DD0} = {4FBF1F75-0FA9-4D9D-82FD-1588A6C28D31}
		{4C6337B0-9489-4CBB-A217-8105E282A4CA} = {4FBF1F75-0FA9-4D9D-82FD-1588A6C28D31}
		{89B33838-A39F-4548-88F3-5D2180BEDE07} = {1451FF31-8FF7-483C-A299-F944293A4B27}
		{4CAF7AB2-A0D1-41AE-BB89-9B6240234CC6} = {89682B63-5A55-44C0-8282-A00EAC0D5D4B}
		{D34021E7-F508-47B9-B76A-6673D20CF370} = {89682B63-5A55-44C0-8282-A00EAC0D5D4B}
		{E2C489EF-02E7-4A82-87FB-27EAC9B62EBE} = {89682B63-5A55-44C0-8282-A00EAC0D5D4B}
		{FC2F675D-3C35-47D9-B266-379DBBE49CB8} = {89682B63-5A55-44C0-8282-A00EAC0D5D4B}
		{44BFB485-C1E5-4DC1-AA8C-DB87A3E5132C} = {89682B63-5A55-44C0-8282-A00EAC0D5D4B}
		{A81D8ED9-BFA0-45FF-9CD6-A7C2E15929E9} = {89682B63-5A55-44C0-8282-A00EAC0D5D4B}
		{762BDB55-B77A-4097-9BBC-A0D510DABF11} = {5496EB26-8BB7-4967-A043-EC32BA89C21F}
		{E6354865-BF99-42BB-AB7F-3D78CADBFED0} = {5496EB26-8BB7-4967-A043-EC32BA89C21F}
		{5073439A-6E9E-496A-B065-2E8AA11BEADB} = {5496EB26-8BB7-4967-A043-EC32BA89C21F}
		{7619ECF3-2BB3-4C1F-A818-162824D1E8F9} = {5496EB26-8BB7-4967-A043-EC32BA89C21F}
		{41C5EA58-3FB3-4FB0-88BD-38F33B769A14} = {5496EB26-8BB7-4967-A043-EC32BA89C21F}
		{C5C9219A-ACDB-40F4-A09C-813784EFD8CB} = {5496EB26-8BB7-4967-A043-EC32BA89C21F}
		{00609182-6524-4B89-B948-5CEDA3E78EB8} = {5496EB26-8BB7-4967-A043-EC32BA89C21F}
		{8CABB22E-4FDE-4023-BB2A-276BB61FEA57} = {1451FF31-8FF7-483C-A299-F944293A4B27}
		{C2C9DE84-FA36-4BC7-9C51-D0092248D9A3} = {A7A3005C-9114-4511-AB2E-C37934BFB05B}
		{1D6536AC-90AC-4040-9F0B-65DACA0B6BEC} = {A7A3005C-9114-4511-AB2E-C37934BFB05B}
		{CD1B021B-9724-4FAF-A3C5-933FE3BFDD1B} = {A7A3005C-9114-4511-AB2E-C37934BFB05B}
		{BE511F22-9E13-4C0C-9C91-60A6E6BD7C32} = {0062C010-BA53-4775-AAF6-F5E08AD6F68A}
		{79E56C2A-CBC6-44DC-8DF8-DF4639870B6A} = {0062C010-BA53-4775-AAF6-F5E08AD6F68A}
		{13D977D7-2E8B-4269-B1B5-B53086FA6E76} = {0062C010-BA53-4775-AAF6-F5E08AD6F68A}
		{32C8C1BA-9966-46AD-ACC5-BC1ED16DC09F} = {0062C010-BA53-4775-AAF6-F5E08AD6F68A}
		{28D875B3-4DD4-4FA3-9C2C-793C154FFA33} = {0062C010-BA53-4775-AAF6-F5E08AD6F68A}
		{22C9B884-92C4-4055-ADA0-0BBCE4801270} = {0062C010-BA53-4775-AAF6-F5E08AD6F68A}
		{DC38E516-4721-4849-9837-B4FC4EB81EA5} = {0062C010-BA53-4775-AAF6-F5E08AD6F68A}
		{7D7B8232-C285-4BDA-A993-FD25B0EE86EB} = {0062C010-BA53-4775-AAF6-F5E08AD6F68A}
		{148C3577-615B-4742-9BED-F2FEE34ADF15} = {39EE6942-EBA6-42F2-8536-2F9DB35378E0}
		{903BBFEC-CA5D-45C1-8BBB-8C98E414C797} = {39EE6942-EBA6-42F2-8536-2F9DB35378E0}
		{18456211-ECE3-434C-BFBD-C240D42E538F} = {1EBD7D11-6E44-47D6-A417-01EB706F1527}
		{52EFE5E8-CACE-4D3F-A00D-67C8689E918D} = {1EBD7D11-6E44-47D6-A417-01EB706F1527}
		{797ABE61-3507-495C-A686-871EAF76B6AB} = {D834AD81-9905-42E0-A2A2-07413D55821A}
		{4C04B578-B738-440E-852C-FF56970A4D29} = {D834AD81-9905-42E0-A2A2-07413D55821A}
		{79F347BB-616E-4198-8FED-596BC6C58690} = {D834AD81-9905-42E0-A2A2-07413D55821A}
		{6EEA31B3-CFF7-4D0B-BBCB-8FE23132796E} = {F62F8082-597A-4627-B3D8-A2DC93BF58DF}
		{A8F58801-A429-4BEF-8BDB-DB6E1F5216FB} = {F62F8082-597A-4627-B3D8-A2DC93BF58DF}
		{4CBD8ADA-7DD0-4530-A51E-9D56F9990C3D} = {F62F8082-597A-4627-B3D8-A2DC93BF58DF}
		{5201DEEB-D008-4B32-BE0D-3AE3730EE2BB} = {0214FEB0-80F3-4C28-8794-2FAE6F499190}
		{ACD620BC-35FD-4984-BB47-B320BED9B55E} = {0214FEB0-80F3-4C28-8794-2FAE6F499190}
		{0C264F00-FDB5-4FEE-A165-7C9E0341643B} = {DC5BE96C-7A01-47B7-95D0-699CEF26A552}
		{76C16ED9-5AEB-4B89-B7A2-E99752E1F51C} = {DC5BE96C-7A01-47B7-95D0-699CEF26A552}
	EndGlobalSection
EndGlobal
